
Microsoft Visual Studio Solution File, Format Version 12.00
# Visual Studio Version 16
VisualStudioVersion = 16.0.31025.194
MinimumVisualStudioVersion = 10.0.40219.1
Project("{FAE04EC0-301F-11D3-BF4B-00C04F79EFBC}") = "CustomControls", "CustomControls\CustomControls.csproj", "{E8790DE0-3742-4755-BD92-91A2729EB0CA}"
EndProject
Project("{FAE04EC0-301F-11D3-BF4B-00C04F79EFBC}") = "Controls.Extensions", "Controls.Extensions\Controls.Extensions.csproj", "{691F4A9C-D70D-436F-AA2E-8A796163A95B}"
EndProject
Project("{FAE04EC0-301F-11D3-BF4B-00C04F79EFBC}") = "RPA-Workbench", "RPA-Workbench\RPA-Workbench.csproj", "{71CAEAFC-259D-497E-A299-686562B3B78A}"
EndProject
Project("{FAE04EC0-301F-11D3-BF4B-00C04F79EFBC}") = "RPA.Workbench.AutomationEngine", "RPA.Workbench.AutomationEngine\RPA.Workbench.AutomationEngine.csproj", "{834BB495-6824-4CA2-92E2-CEB1967FAC2F}"
EndProject
Project("{2150E333-8FDC-42A3-9474-1A3956D46DE8}") = "Activities", "Activities", "{D07728AF-A269-4618-A02E-0BCAAB60C50D}"
EndProject
Project("{2150E333-8FDC-42A3-9474-1A3956D46DE8}") = "UiAutomation.Activities", "UiAutomation.Activities", "{10AB4F83-309D-473F-84EA-3CAB44756F1D}"
EndProject
Project("{FAE04EC0-301F-11D3-BF4B-00C04F79EFBC}") = "RPAWorkbench.UiAutomation.Activities", "Activities\UiAutomation.Activities\RPAWorkbench.UiAutomation.Activities\RPAWorkbench.UiAutomation.Activities.csproj", "{232D5546-B359-40C9-BF76-B06D30441D90}"
EndProject
Project("{FAE04EC0-301F-11D3-BF4B-00C04F79EFBC}") = "RPAWorkbench.UiAutomation.Activities.Design", "Activities\UiAutomation.Activities\RPAWorkbench.UiAutomation.Activities.Design\RPAWorkbench.UiAutomation.Activities.Design.csproj", "{FFDE0B5E-EFBE-473D-B8C8-2CAADDE5FE0E}"
EndProject
Project("{2150E333-8FDC-42A3-9474-1A3956D46DE8}") = "Built-In.Activities", "Built-In.Activities", "{36D5A448-BBB2-4EA6-AEB9-4729AA79C143}"
EndProject
Project("{FAE04EC0-301F-11D3-BF4B-00C04F79EFBC}") = "BuiltIn.Activities", "Activities\Built-In.Activities\BuiltIn.Activities\BuiltIn.Activities.csproj", "{B4B8607A-01E6-4391-8201-C79E26B62A03}"
EndProject
Project("{FAE04EC0-301F-11D3-BF4B-00C04F79EFBC}") = "BuiltIn.Activities.Design", "Activities\Built-In.Activities\BuiltIn.Activities.Design\BuiltIn.Activities.Design.csproj", "{270C4476-2ECE-45DD-8739-69F539B1C7DD}"
EndProject
Project("{FAE04EC0-301F-11D3-BF4B-00C04F79EFBC}") = "RPA.Workbench.Interfaces", "RPA.Workbench.Interfaces\RPA.Workbench.Interfaces.csproj", "{2AB6B58B-4943-43DD-A28A-1046F32F36E6}"
EndProject
Project("{2150E333-8FDC-42A3-9474-1A3956D46DE8}") = "Shared", "Shared", "{51F948BC-33D2-4C54-94EA-C5820243275F}"
EndProject
Project("{FAE04EC0-301F-11D3-BF4B-00C04F79EFBC}") = "RPA.Workbench.CodeEditor", "RPA.Workbench.CodeEditor\RPA.Workbench.CodeEditor.csproj", "{F35A451F-220C-4B75-A4B1-1B50D0BFBBD6}"
EndProject
Project("{FAE04EC0-301F-11D3-BF4B-00C04F79EFBC}") = "RPA.Workbench.Net", "RPA.Workbench.Net\RPA.Workbench.Net.csproj", "{AA51DDE2-4C00-4D47-A2E9-49BF41B300D2}"
EndProject
Project("{9A19103F-16F7-4668-BE54-9A1E7A4F7556}") = "RPA.Workbench.Windows", "OpenRPA.Windows\RPA.Workbench.Windows.csproj", "{C2ED7A5C-E60F-4006-AB36-BF77F8984AAA}"
EndProject
Project("{9A19103F-16F7-4668-BE54-9A1E7A4F7556}") = "RPA.Workbench.NamedPipeWrapper", "RPA.Workbench.NamedPipeWrapper\RPA.Workbench.NamedPipeWrapper.csproj", "{E09827C9-79E6-47D9-90BF-E4E760B04802}"
EndProject
Global
	GlobalSection(SolutionConfigurationPlatforms) = preSolution
		Debug|Any CPU = Debug|Any CPU
		Debug|x86 = Debug|x86
		PrepInstaller|Any CPU = PrepInstaller|Any CPU
		PrepInstaller|x86 = PrepInstaller|x86
		Release|Any CPU = Release|Any CPU
		Release|x86 = Release|x86
		ReleaseNuget|Any CPU = ReleaseNuget|Any CPU
		ReleaseNuget|x86 = ReleaseNuget|x86
	EndGlobalSection
	GlobalSection(ProjectConfigurationPlatforms) = postSolution
		{E8790DE0-3742-4755-BD92-91A2729EB0CA}.Debug|Any CPU.ActiveCfg = Debug|Any CPU
		{E8790DE0-3742-4755-BD92-91A2729EB0CA}.Debug|Any CPU.Build.0 = Debug|Any CPU
		{E8790DE0-3742-4755-BD92-91A2729EB0CA}.Debug|x86.ActiveCfg = Debug|Any CPU
		{E8790DE0-3742-4755-BD92-91A2729EB0CA}.Debug|x86.Build.0 = Debug|Any CPU
		{E8790DE0-3742-4755-BD92-91A2729EB0CA}.PrepInstaller|Any CPU.ActiveCfg = Release|Any CPU
		{E8790DE0-3742-4755-BD92-91A2729EB0CA}.PrepInstaller|Any CPU.Build.0 = Release|Any CPU
		{E8790DE0-3742-4755-BD92-91A2729EB0CA}.PrepInstaller|x86.ActiveCfg = Release|Any CPU
		{E8790DE0-3742-4755-BD92-91A2729EB0CA}.PrepInstaller|x86.Build.0 = Release|Any CPU
		{E8790DE0-3742-4755-BD92-91A2729EB0CA}.Release|Any CPU.ActiveCfg = Release|Any CPU
		{E8790DE0-3742-4755-BD92-91A2729EB0CA}.Release|Any CPU.Build.0 = Release|Any CPU
		{E8790DE0-3742-4755-BD92-91A2729EB0CA}.Release|x86.ActiveCfg = Release|Any CPU
		{E8790DE0-3742-4755-BD92-91A2729EB0CA}.Release|x86.Build.0 = Release|Any CPU
		{E8790DE0-3742-4755-BD92-91A2729EB0CA}.ReleaseNuget|Any CPU.ActiveCfg = Release|Any CPU
		{E8790DE0-3742-4755-BD92-91A2729EB0CA}.ReleaseNuget|Any CPU.Build.0 = Release|Any CPU
		{E8790DE0-3742-4755-BD92-91A2729EB0CA}.ReleaseNuget|x86.ActiveCfg = Release|Any CPU
		{E8790DE0-3742-4755-BD92-91A2729EB0CA}.ReleaseNuget|x86.Build.0 = Release|Any CPU
		{691F4A9C-D70D-436F-AA2E-8A796163A95B}.Debug|Any CPU.ActiveCfg = Debug|Any CPU
		{691F4A9C-D70D-436F-AA2E-8A796163A95B}.Debug|Any CPU.Build.0 = Debug|Any CPU
		{691F4A9C-D70D-436F-AA2E-8A796163A95B}.Debug|x86.ActiveCfg = Debug|Any CPU
		{691F4A9C-D70D-436F-AA2E-8A796163A95B}.Debug|x86.Build.0 = Debug|Any CPU
		{691F4A9C-D70D-436F-AA2E-8A796163A95B}.PrepInstaller|Any CPU.ActiveCfg = Release|Any CPU
		{691F4A9C-D70D-436F-AA2E-8A796163A95B}.PrepInstaller|Any CPU.Build.0 = Release|Any CPU
		{691F4A9C-D70D-436F-AA2E-8A796163A95B}.PrepInstaller|x86.ActiveCfg = Release|Any CPU
		{691F4A9C-D70D-436F-AA2E-8A796163A95B}.PrepInstaller|x86.Build.0 = Release|Any CPU
		{691F4A9C-D70D-436F-AA2E-8A796163A95B}.Release|Any CPU.ActiveCfg = Release|Any CPU
		{691F4A9C-D70D-436F-AA2E-8A796163A95B}.Release|Any CPU.Build.0 = Release|Any CPU
		{691F4A9C-D70D-436F-AA2E-8A796163A95B}.Release|x86.ActiveCfg = Release|Any CPU
		{691F4A9C-D70D-436F-AA2E-8A796163A95B}.Release|x86.Build.0 = Release|Any CPU
		{691F4A9C-D70D-436F-AA2E-8A796163A95B}.ReleaseNuget|Any CPU.ActiveCfg = Release|Any CPU
		{691F4A9C-D70D-436F-AA2E-8A796163A95B}.ReleaseNuget|Any CPU.Build.0 = Release|Any CPU
		{691F4A9C-D70D-436F-AA2E-8A796163A95B}.ReleaseNuget|x86.ActiveCfg = Release|Any CPU
		{691F4A9C-D70D-436F-AA2E-8A796163A95B}.ReleaseNuget|x86.Build.0 = Release|Any CPU
		{71CAEAFC-259D-497E-A299-686562B3B78A}.Debug|Any CPU.ActiveCfg = Debug|Any CPU
		{71CAEAFC-259D-497E-A299-686562B3B78A}.Debug|Any CPU.Build.0 = Debug|Any CPU
		{71CAEAFC-259D-497E-A299-686562B3B78A}.Debug|x86.ActiveCfg = Debug|Any CPU
		{71CAEAFC-259D-497E-A299-686562B3B78A}.Debug|x86.Build.0 = Debug|Any CPU
		{71CAEAFC-259D-497E-A299-686562B3B78A}.PrepInstaller|Any CPU.ActiveCfg = Release|Any CPU
		{71CAEAFC-259D-497E-A299-686562B3B78A}.PrepInstaller|Any CPU.Build.0 = Release|Any CPU
		{71CAEAFC-259D-497E-A299-686562B3B78A}.PrepInstaller|x86.ActiveCfg = Release|Any CPU
		{71CAEAFC-259D-497E-A299-686562B3B78A}.PrepInstaller|x86.Build.0 = Release|Any CPU
		{71CAEAFC-259D-497E-A299-686562B3B78A}.Release|Any CPU.ActiveCfg = Release|Any CPU
		{71CAEAFC-259D-497E-A299-686562B3B78A}.Release|Any CPU.Build.0 = Release|Any CPU
		{71CAEAFC-259D-497E-A299-686562B3B78A}.Release|x86.ActiveCfg = Release|Any CPU
		{71CAEAFC-259D-497E-A299-686562B3B78A}.Release|x86.Build.0 = Release|Any CPU
		{71CAEAFC-259D-497E-A299-686562B3B78A}.ReleaseNuget|Any CPU.ActiveCfg = Release|Any CPU
		{71CAEAFC-259D-497E-A299-686562B3B78A}.ReleaseNuget|Any CPU.Build.0 = Release|Any CPU
		{71CAEAFC-259D-497E-A299-686562B3B78A}.ReleaseNuget|x86.ActiveCfg = Release|Any CPU
		{71CAEAFC-259D-497E-A299-686562B3B78A}.ReleaseNuget|x86.Build.0 = Release|Any CPU
		{834BB495-6824-4CA2-92E2-CEB1967FAC2F}.Debug|Any CPU.ActiveCfg = Debug|Any CPU
		{834BB495-6824-4CA2-92E2-CEB1967FAC2F}.Debug|Any CPU.Build.0 = Debug|Any CPU
		{834BB495-6824-4CA2-92E2-CEB1967FAC2F}.Debug|x86.ActiveCfg = Debug|Any CPU
		{834BB495-6824-4CA2-92E2-CEB1967FAC2F}.Debug|x86.Build.0 = Debug|Any CPU
		{834BB495-6824-4CA2-92E2-CEB1967FAC2F}.PrepInstaller|Any CPU.ActiveCfg = Release|Any CPU
		{834BB495-6824-4CA2-92E2-CEB1967FAC2F}.PrepInstaller|Any CPU.Build.0 = Release|Any CPU
		{834BB495-6824-4CA2-92E2-CEB1967FAC2F}.PrepInstaller|x86.ActiveCfg = Release|Any CPU
		{834BB495-6824-4CA2-92E2-CEB1967FAC2F}.PrepInstaller|x86.Build.0 = Release|Any CPU
		{834BB495-6824-4CA2-92E2-CEB1967FAC2F}.Release|Any CPU.ActiveCfg = Release|Any CPU
		{834BB495-6824-4CA2-92E2-CEB1967FAC2F}.Release|Any CPU.Build.0 = Release|Any CPU
		{834BB495-6824-4CA2-92E2-CEB1967FAC2F}.Release|x86.ActiveCfg = Release|Any CPU
		{834BB495-6824-4CA2-92E2-CEB1967FAC2F}.Release|x86.Build.0 = Release|Any CPU
		{834BB495-6824-4CA2-92E2-CEB1967FAC2F}.ReleaseNuget|Any CPU.ActiveCfg = Release|Any CPU
		{834BB495-6824-4CA2-92E2-CEB1967FAC2F}.ReleaseNuget|Any CPU.Build.0 = Release|Any CPU
		{834BB495-6824-4CA2-92E2-CEB1967FAC2F}.ReleaseNuget|x86.ActiveCfg = Release|Any CPU
		{834BB495-6824-4CA2-92E2-CEB1967FAC2F}.ReleaseNuget|x86.Build.0 = Release|Any CPU
		{232D5546-B359-40C9-BF76-B06D30441D90}.Debug|Any CPU.ActiveCfg = Debug|Any CPU
		{232D5546-B359-40C9-BF76-B06D30441D90}.Debug|Any CPU.Build.0 = Debug|Any CPU
		{232D5546-B359-40C9-BF76-B06D30441D90}.Debug|x86.ActiveCfg = Debug|Any CPU
		{232D5546-B359-40C9-BF76-B06D30441D90}.Debug|x86.Build.0 = Debug|Any CPU
		{232D5546-B359-40C9-BF76-B06D30441D90}.PrepInstaller|Any CPU.ActiveCfg = Debug|Any CPU
		{232D5546-B359-40C9-BF76-B06D30441D90}.PrepInstaller|Any CPU.Build.0 = Debug|Any CPU
		{232D5546-B359-40C9-BF76-B06D30441D90}.PrepInstaller|x86.ActiveCfg = Debug|Any CPU
		{232D5546-B359-40C9-BF76-B06D30441D90}.PrepInstaller|x86.Build.0 = Debug|Any CPU
		{232D5546-B359-40C9-BF76-B06D30441D90}.Release|Any CPU.ActiveCfg = Release|Any CPU
		{232D5546-B359-40C9-BF76-B06D30441D90}.Release|Any CPU.Build.0 = Release|Any CPU
		{232D5546-B359-40C9-BF76-B06D30441D90}.Release|x86.ActiveCfg = Release|Any CPU
		{232D5546-B359-40C9-BF76-B06D30441D90}.Release|x86.Build.0 = Release|Any CPU
		{232D5546-B359-40C9-BF76-B06D30441D90}.ReleaseNuget|Any CPU.ActiveCfg = Release|Any CPU
		{232D5546-B359-40C9-BF76-B06D30441D90}.ReleaseNuget|Any CPU.Build.0 = Release|Any CPU
		{232D5546-B359-40C9-BF76-B06D30441D90}.ReleaseNuget|x86.ActiveCfg = Release|Any CPU
		{232D5546-B359-40C9-BF76-B06D30441D90}.ReleaseNuget|x86.Build.0 = Release|Any CPU
		{FFDE0B5E-EFBE-473D-B8C8-2CAADDE5FE0E}.Debug|Any CPU.ActiveCfg = Debug|Any CPU
		{FFDE0B5E-EFBE-473D-B8C8-2CAADDE5FE0E}.Debug|Any CPU.Build.0 = Debug|Any CPU
		{FFDE0B5E-EFBE-473D-B8C8-2CAADDE5FE0E}.Debug|x86.ActiveCfg = Debug|Any CPU
		{FFDE0B5E-EFBE-473D-B8C8-2CAADDE5FE0E}.Debug|x86.Build.0 = Debug|Any CPU
		{FFDE0B5E-EFBE-473D-B8C8-2CAADDE5FE0E}.PrepInstaller|Any CPU.ActiveCfg = Debug|Any CPU
		{FFDE0B5E-EFBE-473D-B8C8-2CAADDE5FE0E}.PrepInstaller|Any CPU.Build.0 = Debug|Any CPU
		{FFDE0B5E-EFBE-473D-B8C8-2CAADDE5FE0E}.PrepInstaller|x86.ActiveCfg = Debug|Any CPU
		{FFDE0B5E-EFBE-473D-B8C8-2CAADDE5FE0E}.PrepInstaller|x86.Build.0 = Debug|Any CPU
		{FFDE0B5E-EFBE-473D-B8C8-2CAADDE5FE0E}.Release|Any CPU.ActiveCfg = Release|Any CPU
		{FFDE0B5E-EFBE-473D-B8C8-2CAADDE5FE0E}.Release|Any CPU.Build.0 = Release|Any CPU
		{FFDE0B5E-EFBE-473D-B8C8-2CAADDE5FE0E}.Release|x86.ActiveCfg = Release|Any CPU
		{FFDE0B5E-EFBE-473D-B8C8-2CAADDE5FE0E}.Release|x86.Build.0 = Release|Any CPU
		{FFDE0B5E-EFBE-473D-B8C8-2CAADDE5FE0E}.ReleaseNuget|Any CPU.ActiveCfg = Release|Any CPU
		{FFDE0B5E-EFBE-473D-B8C8-2CAADDE5FE0E}.ReleaseNuget|Any CPU.Build.0 = Release|Any CPU
		{FFDE0B5E-EFBE-473D-B8C8-2CAADDE5FE0E}.ReleaseNuget|x86.ActiveCfg = Release|Any CPU
		{FFDE0B5E-EFBE-473D-B8C8-2CAADDE5FE0E}.ReleaseNuget|x86.Build.0 = Release|Any CPU
		{B4B8607A-01E6-4391-8201-C79E26B62A03}.Debug|Any CPU.ActiveCfg = Debug|Any CPU
		{B4B8607A-01E6-4391-8201-C79E26B62A03}.Debug|Any CPU.Build.0 = Debug|Any CPU
		{B4B8607A-01E6-4391-8201-C79E26B62A03}.Debug|x86.ActiveCfg = Debug|Any CPU
		{B4B8607A-01E6-4391-8201-C79E26B62A03}.Debug|x86.Build.0 = Debug|Any CPU
		{B4B8607A-01E6-4391-8201-C79E26B62A03}.PrepInstaller|Any CPU.ActiveCfg = Debug|Any CPU
		{B4B8607A-01E6-4391-8201-C79E26B62A03}.PrepInstaller|Any CPU.Build.0 = Debug|Any CPU
		{B4B8607A-01E6-4391-8201-C79E26B62A03}.PrepInstaller|x86.ActiveCfg = Debug|Any CPU
		{B4B8607A-01E6-4391-8201-C79E26B62A03}.PrepInstaller|x86.Build.0 = Debug|Any CPU
		{B4B8607A-01E6-4391-8201-C79E26B62A03}.Release|Any CPU.ActiveCfg = Release|Any CPU
		{B4B8607A-01E6-4391-8201-C79E26B62A03}.Release|Any CPU.Build.0 = Release|Any CPU
		{B4B8607A-01E6-4391-8201-C79E26B62A03}.Release|x86.ActiveCfg = Release|Any CPU
		{B4B8607A-01E6-4391-8201-C79E26B62A03}.Release|x86.Build.0 = Release|Any CPU
		{B4B8607A-01E6-4391-8201-C79E26B62A03}.ReleaseNuget|Any CPU.ActiveCfg = Release|Any CPU
		{B4B8607A-01E6-4391-8201-C79E26B62A03}.ReleaseNuget|Any CPU.Build.0 = Release|Any CPU
		{B4B8607A-01E6-4391-8201-C79E26B62A03}.ReleaseNuget|x86.ActiveCfg = Release|Any CPU
		{B4B8607A-01E6-4391-8201-C79E26B62A03}.ReleaseNuget|x86.Build.0 = Release|Any CPU
		{270C4476-2ECE-45DD-8739-69F539B1C7DD}.Debug|Any CPU.ActiveCfg = Debug|Any CPU
		{270C4476-2ECE-45DD-8739-69F539B1C7DD}.Debug|Any CPU.Build.0 = Debug|Any CPU
		{270C4476-2ECE-45DD-8739-69F539B1C7DD}.Debug|x86.ActiveCfg = Debug|Any CPU
		{270C4476-2ECE-45DD-8739-69F539B1C7DD}.Debug|x86.Build.0 = Debug|Any CPU
		{270C4476-2ECE-45DD-8739-69F539B1C7DD}.PrepInstaller|Any CPU.ActiveCfg = Debug|Any CPU
		{270C4476-2ECE-45DD-8739-69F539B1C7DD}.PrepInstaller|Any CPU.Build.0 = Debug|Any CPU
		{270C4476-2ECE-45DD-8739-69F539B1C7DD}.PrepInstaller|x86.ActiveCfg = Debug|Any CPU
		{270C4476-2ECE-45DD-8739-69F539B1C7DD}.PrepInstaller|x86.Build.0 = Debug|Any CPU
		{270C4476-2ECE-45DD-8739-69F539B1C7DD}.Release|Any CPU.ActiveCfg = Release|Any CPU
		{270C4476-2ECE-45DD-8739-69F539B1C7DD}.Release|Any CPU.Build.0 = Release|Any CPU
		{270C4476-2ECE-45DD-8739-69F539B1C7DD}.Release|x86.ActiveCfg = Release|Any CPU
		{270C4476-2ECE-45DD-8739-69F539B1C7DD}.Release|x86.Build.0 = Release|Any CPU
		{270C4476-2ECE-45DD-8739-69F539B1C7DD}.ReleaseNuget|Any CPU.ActiveCfg = Release|Any CPU
		{270C4476-2ECE-45DD-8739-69F539B1C7DD}.ReleaseNuget|Any CPU.Build.0 = Release|Any CPU
		{270C4476-2ECE-45DD-8739-69F539B1C7DD}.ReleaseNuget|x86.ActiveCfg = Release|Any CPU
		{270C4476-2ECE-45DD-8739-69F539B1C7DD}.ReleaseNuget|x86.Build.0 = Release|Any CPU
		{2AB6B58B-4943-43DD-A28A-1046F32F36E6}.Debug|Any CPU.ActiveCfg = Debug|Any CPU
		{2AB6B58B-4943-43DD-A28A-1046F32F36E6}.Debug|Any CPU.Build.0 = Debug|Any CPU
		{2AB6B58B-4943-43DD-A28A-1046F32F36E6}.Debug|x86.ActiveCfg = Debug|Any CPU
		{2AB6B58B-4943-43DD-A28A-1046F32F36E6}.Debug|x86.Build.0 = Debug|Any CPU
		{2AB6B58B-4943-43DD-A28A-1046F32F36E6}.PrepInstaller|Any CPU.ActiveCfg = Debug|Any CPU
		{2AB6B58B-4943-43DD-A28A-1046F32F36E6}.PrepInstaller|Any CPU.Build.0 = Debug|Any CPU
		{2AB6B58B-4943-43DD-A28A-1046F32F36E6}.PrepInstaller|x86.ActiveCfg = Debug|Any CPU
		{2AB6B58B-4943-43DD-A28A-1046F32F36E6}.PrepInstaller|x86.Build.0 = Debug|Any CPU
		{2AB6B58B-4943-43DD-A28A-1046F32F36E6}.Release|Any CPU.ActiveCfg = Release|Any CPU
		{2AB6B58B-4943-43DD-A28A-1046F32F36E6}.Release|Any CPU.Build.0 = Release|Any CPU
		{2AB6B58B-4943-43DD-A28A-1046F32F36E6}.Release|x86.ActiveCfg = Release|Any CPU
		{2AB6B58B-4943-43DD-A28A-1046F32F36E6}.Release|x86.Build.0 = Release|Any CPU
		{2AB6B58B-4943-43DD-A28A-1046F32F36E6}.ReleaseNuget|Any CPU.ActiveCfg = Release|Any CPU
		{2AB6B58B-4943-43DD-A28A-1046F32F36E6}.ReleaseNuget|Any CPU.Build.0 = Release|Any CPU
		{2AB6B58B-4943-43DD-A28A-1046F32F36E6}.ReleaseNuget|x86.ActiveCfg = Release|Any CPU
		{2AB6B58B-4943-43DD-A28A-1046F32F36E6}.ReleaseNuget|x86.Build.0 = Release|Any CPU
		{F35A451F-220C-4B75-A4B1-1B50D0BFBBD6}.Debug|Any CPU.ActiveCfg = Debug|Any CPU
		{F35A451F-220C-4B75-A4B1-1B50D0BFBBD6}.Debug|Any CPU.Build.0 = Debug|Any CPU
		{F35A451F-220C-4B75-A4B1-1B50D0BFBBD6}.Debug|x86.ActiveCfg = Debug|Any CPU
		{F35A451F-220C-4B75-A4B1-1B50D0BFBBD6}.Debug|x86.Build.0 = Debug|Any CPU
		{F35A451F-220C-4B75-A4B1-1B50D0BFBBD6}.PrepInstaller|Any CPU.ActiveCfg = Debug|Any CPU
		{F35A451F-220C-4B75-A4B1-1B50D0BFBBD6}.PrepInstaller|Any CPU.Build.0 = Debug|Any CPU
		{F35A451F-220C-4B75-A4B1-1B50D0BFBBD6}.PrepInstaller|x86.ActiveCfg = Debug|Any CPU
		{F35A451F-220C-4B75-A4B1-1B50D0BFBBD6}.PrepInstaller|x86.Build.0 = Debug|Any CPU
		{F35A451F-220C-4B75-A4B1-1B50D0BFBBD6}.Release|Any CPU.ActiveCfg = Release|Any CPU
		{F35A451F-220C-4B75-A4B1-1B50D0BFBBD6}.Release|Any CPU.Build.0 = Release|Any CPU
		{F35A451F-220C-4B75-A4B1-1B50D0BFBBD6}.Release|x86.ActiveCfg = Release|Any CPU
		{F35A451F-220C-4B75-A4B1-1B50D0BFBBD6}.Release|x86.Build.0 = Release|Any CPU
		{F35A451F-220C-4B75-A4B1-1B50D0BFBBD6}.ReleaseNuget|Any CPU.ActiveCfg = Release|Any CPU
		{F35A451F-220C-4B75-A4B1-1B50D0BFBBD6}.ReleaseNuget|Any CPU.Build.0 = Release|Any CPU
		{F35A451F-220C-4B75-A4B1-1B50D0BFBBD6}.ReleaseNuget|x86.ActiveCfg = Release|Any CPU
		{F35A451F-220C-4B75-A4B1-1B50D0BFBBD6}.ReleaseNuget|x86.Build.0 = Release|Any CPU
		{AA51DDE2-4C00-4D47-A2E9-49BF41B300D2}.Debug|Any CPU.ActiveCfg = Debug|Any CPU
		{AA51DDE2-4C00-4D47-A2E9-49BF41B300D2}.Debug|Any CPU.Build.0 = Debug|Any CPU
		{AA51DDE2-4C00-4D47-A2E9-49BF41B300D2}.Debug|x86.ActiveCfg = Debug|Any CPU
		{AA51DDE2-4C00-4D47-A2E9-49BF41B300D2}.Debug|x86.Build.0 = Debug|Any CPU
		{AA51DDE2-4C00-4D47-A2E9-49BF41B300D2}.PrepInstaller|Any CPU.ActiveCfg = Debug|Any CPU
		{AA51DDE2-4C00-4D47-A2E9-49BF41B300D2}.PrepInstaller|Any CPU.Build.0 = Debug|Any CPU
		{AA51DDE2-4C00-4D47-A2E9-49BF41B300D2}.PrepInstaller|x86.ActiveCfg = Debug|Any CPU
		{AA51DDE2-4C00-4D47-A2E9-49BF41B300D2}.PrepInstaller|x86.Build.0 = Debug|Any CPU
		{AA51DDE2-4C00-4D47-A2E9-49BF41B300D2}.Release|Any CPU.ActiveCfg = Release|Any CPU
		{AA51DDE2-4C00-4D47-A2E9-49BF41B300D2}.Release|Any CPU.Build.0 = Release|Any CPU
		{AA51DDE2-4C00-4D47-A2E9-49BF41B300D2}.Release|x86.ActiveCfg = Release|Any CPU
		{AA51DDE2-4C00-4D47-A2E9-49BF41B300D2}.Release|x86.Build.0 = Release|Any CPU
		{AA51DDE2-4C00-4D47-A2E9-49BF41B300D2}.ReleaseNuget|Any CPU.ActiveCfg = Release|Any CPU
		{AA51DDE2-4C00-4D47-A2E9-49BF41B300D2}.ReleaseNuget|Any CPU.Build.0 = Release|Any CPU
		{AA51DDE2-4C00-4D47-A2E9-49BF41B300D2}.ReleaseNuget|x86.ActiveCfg = Release|Any CPU
		{AA51DDE2-4C00-4D47-A2E9-49BF41B300D2}.ReleaseNuget|x86.Build.0 = Release|Any CPU
		{C2ED7A5C-E60F-4006-AB36-BF77F8984AAA}.Debug|Any CPU.ActiveCfg = Debug|Any CPU
		{C2ED7A5C-E60F-4006-AB36-BF77F8984AAA}.Debug|Any CPU.Build.0 = Debug|Any CPU
		{C2ED7A5C-E60F-4006-AB36-BF77F8984AAA}.Debug|x86.ActiveCfg = Debug|x86
		{C2ED7A5C-E60F-4006-AB36-BF77F8984AAA}.Debug|x86.Build.0 = Debug|x86
		{C2ED7A5C-E60F-4006-AB36-BF77F8984AAA}.PrepInstaller|Any CPU.ActiveCfg = PrepInstaller|Any CPU
		{C2ED7A5C-E60F-4006-AB36-BF77F8984AAA}.PrepInstaller|Any CPU.Build.0 = PrepInstaller|Any CPU
		{C2ED7A5C-E60F-4006-AB36-BF77F8984AAA}.PrepInstaller|x86.ActiveCfg = PrepInstaller|x86
		{C2ED7A5C-E60F-4006-AB36-BF77F8984AAA}.PrepInstaller|x86.Build.0 = PrepInstaller|x86
		{C2ED7A5C-E60F-4006-AB36-BF77F8984AAA}.Release|Any CPU.ActiveCfg = Release|Any CPU
		{C2ED7A5C-E60F-4006-AB36-BF77F8984AAA}.Release|Any CPU.Build.0 = Release|Any CPU
		{C2ED7A5C-E60F-4006-AB36-BF77F8984AAA}.Release|x86.ActiveCfg = Release|x86
		{C2ED7A5C-E60F-4006-AB36-BF77F8984AAA}.Release|x86.Build.0 = Release|x86
		{C2ED7A5C-E60F-4006-AB36-BF77F8984AAA}.ReleaseNuget|Any CPU.ActiveCfg = ReleaseNuget|Any CPU
		{C2ED7A5C-E60F-4006-AB36-BF77F8984AAA}.ReleaseNuget|Any CPU.Build.0 = ReleaseNuget|Any CPU
		{C2ED7A5C-E60F-4006-AB36-BF77F8984AAA}.ReleaseNuget|x86.ActiveCfg = ReleaseNuget|x86
		{C2ED7A5C-E60F-4006-AB36-BF77F8984AAA}.ReleaseNuget|x86.Build.0 = ReleaseNuget|x86
		{E09827C9-79E6-47D9-90BF-E4E760B04802}.Debug|Any CPU.ActiveCfg = Debug|Any CPU
		{E09827C9-79E6-47D9-90BF-E4E760B04802}.Debug|Any CPU.Build.0 = Debug|Any CPU
		{E09827C9-79E6-47D9-90BF-E4E760B04802}.Debug|x86.ActiveCfg = Debug|x86
		{E09827C9-79E6-47D9-90BF-E4E760B04802}.Debug|x86.Build.0 = Debug|x86
		{E09827C9-79E6-47D9-90BF-E4E760B04802}.PrepInstaller|Any CPU.ActiveCfg = PrepInstaller|Any CPU
		{E09827C9-79E6-47D9-90BF-E4E760B04802}.PrepInstaller|Any CPU.Build.0 = PrepInstaller|Any CPU
		{E09827C9-79E6-47D9-90BF-E4E760B04802}.PrepInstaller|x86.ActiveCfg = PrepInstaller|x86
		{E09827C9-79E6-47D9-90BF-E4E760B04802}.PrepInstaller|x86.Build.0 = PrepInstaller|x86
		{E09827C9-79E6-47D9-90BF-E4E760B04802}.Release|Any CPU.ActiveCfg = Release|Any CPU
		{E09827C9-79E6-47D9-90BF-E4E760B04802}.Release|Any CPU.Build.0 = Release|Any CPU
		{E09827C9-79E6-47D9-90BF-E4E760B04802}.Release|x86.ActiveCfg = Release|x86
		{E09827C9-79E6-47D9-90BF-E4E760B04802}.Release|x86.Build.0 = Release|x86
		{E09827C9-79E6-47D9-90BF-E4E760B04802}.ReleaseNuget|Any CPU.ActiveCfg = ReleaseNuget|Any CPU
		{E09827C9-79E6-47D9-90BF-E4E760B04802}.ReleaseNuget|Any CPU.Build.0 = ReleaseNuget|Any CPU
		{E09827C9-79E6-47D9-90BF-E4E760B04802}.ReleaseNuget|x86.ActiveCfg = ReleaseNuget|x86
		{E09827C9-79E6-47D9-90BF-E4E760B04802}.ReleaseNuget|x86.Build.0 = ReleaseNuget|x86
	EndGlobalSection
	GlobalSection(SolutionProperties) = preSolution
		HideSolutionNode = FALSE
	EndGlobalSection
	GlobalSection(NestedProjects) = preSolution
		{10AB4F83-309D-473F-84EA-3CAB44756F1D} = {D07728AF-A269-4618-A02E-0BCAAB60C50D}
		{232D5546-B359-40C9-BF76-B06D30441D90} = {10AB4F83-309D-473F-84EA-3CAB44756F1D}
		{FFDE0B5E-EFBE-473D-B8C8-2CAADDE5FE0E} = {10AB4F83-309D-473F-84EA-3CAB44756F1D}
		{36D5A448-BBB2-4EA6-AEB9-4729AA79C143} = {D07728AF-A269-4618-A02E-0BCAAB60C50D}
		{B4B8607A-01E6-4391-8201-C79E26B62A03} = {36D5A448-BBB2-4EA6-AEB9-4729AA79C143}
		{270C4476-2ECE-45DD-8739-69F539B1C7DD} = {36D5A448-BBB2-4EA6-AEB9-4729AA79C143}
	EndGlobalSection
	GlobalSection(ExtensibilityGlobals) = postSolution
		SolutionGuid = {170FD027-238B-48B5-B911-C31519B4E133}
	EndGlobalSection
EndGlobal
