
Microsoft Visual Studio Solution File, Format Version 12.00
# Visual Studio Version 16
VisualStudioVersion = 16.0.31025.194
MinimumVisualStudioVersion = 10.0.40219.1
Project("{FAE04EC0-301F-11D3-BF4B-00C04F79EFBC}") = "CustomControls", "CustomControls\CustomControls.csproj", "{E8790DE0-3742-4755-BD92-91A2729EB0CA}"
EndProject
Project("{FAE04EC0-301F-11D3-BF4B-00C04F79EFBC}") = "Controls.Extensions", "Controls.Extensions\Controls.Extensions.csproj", "{691F4A9C-D70D-436F-AA2E-8A796163A95B}"
EndProject
Project("{FAE04EC0-301F-11D3-BF4B-00C04F79EFBC}") = "RPA-Workbench", "RPA-Workbench\RPA-Workbench.csproj", "{71CAEAFC-259D-497E-A299-686562B3B78A}"
EndProject
Global
	GlobalSection(SolutionConfigurationPlatforms) = preSolution
		Debug|Any CPU = Debug|Any CPU
		Release|Any CPU = Release|Any CPU
	EndGlobalSection
	GlobalSection(ProjectConfigurationPlatforms) = postSolution
		{E8790DE0-3742-4755-BD92-91A2729EB0CA}.Debug|Any CPU.ActiveCfg = Debug|Any CPU
		{E8790DE0-3742-4755-BD92-91A2729EB0CA}.Debug|Any CPU.Build.0 = Debug|Any CPU
		{E8790DE0-3742-4755-BD92-91A2729EB0CA}.Release|Any CPU.ActiveCfg = Release|Any CPU
		{E8790DE0-3742-4755-BD92-91A2729EB0CA}.Release|Any CPU.Build.0 = Release|Any CPU
		{691F4A9C-D70D-436F-AA2E-8A796163A95B}.Debug|Any CPU.ActiveCfg = Debug|Any CPU
		{691F4A9C-D70D-436F-AA2E-8A796163A95B}.Debug|Any CPU.Build.0 = Debug|Any CPU
		{691F4A9C-D70D-436F-AA2E-8A796163A95B}.Release|Any CPU.ActiveCfg = Release|Any CPU
		{691F4A9C-D70D-436F-AA2E-8A796163A95B}.Release|Any CPU.Build.0 = Release|Any CPU
		{71CAEAFC-259D-497E-A299-686562B3B78A}.Debug|Any CPU.ActiveCfg = Debug|Any CPU
		{71CAEAFC-259D-497E-A299-686562B3B78A}.Debug|Any CPU.Build.0 = Debug|Any CPU
		{71CAEAFC-259D-497E-A299-686562B3B78A}.Release|Any CPU.ActiveCfg = Release|Any CPU
		{71CAEAFC-259D-497E-A299-686562B3B78A}.Release|Any CPU.Build.0 = Release|Any CPU
	EndGlobalSection
	GlobalSection(SolutionProperties) = preSolution
		HideSolutionNode = FALSE
	EndGlobalSection
	GlobalSection(ExtensibilityGlobals) = postSolution
		SolutionGuid = {170FD027-238B-48B5-B911-C31519B4E133}
	EndGlobalSection
EndGlobal
